<Solution>
  <Project Path="ClinicalGrpcService.Application/ClinicalGrpcService.Application.csproj" />
  <Project Path="ClinicalGrpcService.Domain/ClinicalGrpcService.Domain.csproj" />
  <Project Path="ClinicalGrpcService.Grpc/ClinicalGrpcService.Grpc.csproj" />
  <Project Path="ClinicalGrpcService.Infra/ClinicalGrpcService.Infra.csproj" />
</Solution>
